
Microsoft Visual Studio Solution File, Format Version 12.00
# Visual Studio Version 17
VisualStudioVersion = 17.4.33213.308
MinimumVisualStudioVersion = 10.0.40219.1
Project("{8BC9CEB8-8B4A-11D0-8D11-00A0C91BC942}") = "GhostMapper", "GhostMapper\GhostMapper.vcxproj", "{6D980A30-FFFF-4BF4-B1C1-A9C9299A7CD4}"
EndProject
Global
	GlobalSection(SolutionConfigurationPlatforms) = preSolution
		Debug|ARM64 = Debug|ARM64
		Debug|x64 = Debug|x64
		Release|ARM64 = Release|ARM64
		Release|x64 = Release|x64
	EndGlobalSection
	GlobalSection(ProjectConfigurationPlatforms) = postSolution
		{6D980A30-FFFF-4BF4-B1C1-A9C9299A7CD4}.Debug|ARM64.ActiveCfg = Debug|ARM64
		{6D980A30-FFFF-4BF4-B1C1-A9C9299A7CD4}.Debug|ARM64.Build.0 = Debug|ARM64
		{6D980A30-FFFF-4BF4-B1C1-A9C9299A7CD4}.Debug|ARM64.Deploy.0 = Debug|ARM64
		{6D980A30-FFFF-4BF4-B1C1-A9C9299A7CD4}.Debug|x64.ActiveCfg = Debug|x64
		{6D980A30-FFFF-4BF4-B1C1-A9C9299A7CD4}.Debug|x64.Build.0 = Debug|x64
		{6D980A30-FFFF-4BF4-B1C1-A9C9299A7CD4}.Debug|x64.Deploy.0 = Debug|x64
		{6D980A30-FFFF-4BF4-B1C1-A9C9299A7CD4}.Release|ARM64.ActiveCfg = Release|ARM64
		{6D980A30-FFFF-4BF4-B1C1-A9C9299A7CD4}.Release|ARM64.Build.0 = Release|ARM64
		{6D980A30-FFFF-4BF4-B1C1-A9C9299A7CD4}.Release|ARM64.Deploy.0 = Release|ARM64
		{6D980A30-FFFF-4BF4-B1C1-A9C9299A7CD4}.Release|x64.ActiveCfg = Release|x64
		{6D980A30-FFFF-4BF4-B1C1-A9C9299A7CD4}.Release|x64.Build.0 = Release|x64
		{6D980A30-FFFF-4BF4-B1C1-A9C9299A7CD4}.Release|x64.Deploy.0 = Release|x64
	EndGlobalSection
	GlobalSection(SolutionProperties) = preSolution
		HideSolutionNode = FALSE
	EndGlobalSection
	GlobalSection(ExtensibilityGlobals) = postSolution
		SolutionGuid = {ED617C39-8FC5-41AE-A457-65CC36B4933A}
	EndGlobalSection
EndGlobal
